
Microsoft Visual Studio Solution File, Format Version 12.00
# Visual Studio Version 16
VisualStudioVersion = 16.0.29215.179
MinimumVisualStudioVersion = 10.0.40219.1
Project("{FAE04EC0-301F-11D3-BF4B-00C04F79EFBC}") = "LINQ_Problems", "LINQ_Problems.csproj", "{DEA04F32-FEF8-45EF-98A2-5FBD3E65126E}"
EndProject
Global
	GlobalSection(SolutionConfigurationPlatforms) = preSolution
		Debug|Any CPU = Debug|Any CPU
		Release|Any CPU = Release|Any CPU
	EndGlobalSection
	GlobalSection(ProjectConfigurationPlatforms) = postSolution
		{DEA04F32-FEF8-45EF-98A2-5FBD3E65126E}.Debug|Any CPU.ActiveCfg = Debug|Any CPU
		{DEA04F32-FEF8-45EF-98A2-5FBD3E65126E}.Debug|Any CPU.Build.0 = Debug|Any CPU
		{DEA04F32-FEF8-45EF-98A2-5FBD3E65126E}.Release|Any CPU.ActiveCfg = Release|Any CPU
		{DEA04F32-FEF8-45EF-98A2-5FBD3E65126E}.Release|Any CPU.Build.0 = Release|Any CPU
	EndGlobalSection
	GlobalSection(SolutionProperties) = preSolution
		HideSolutionNode = FALSE
	EndGlobalSection
	GlobalSection(ExtensibilityGlobals) = postSolution
		SolutionGuid = {E71DA325-8C70-4720-81FA-B686FA29BD3D}
	EndGlobalSection
EndGlobal
